// !$*UTF8*$!
{
	archiveVersion = 1;
	classes = {
	};
	objectVersion = 46;
	objects = {

/* Begin PBXBuildFile section */
		9D633E311C63A0C8006F7564 /* main.cpp in Sources */ = {isa = PBXBuildFile; fileRef = 9D633E301C63A0C8006F7564 /* main.cpp */; };
/* End PBXBuildFile section */

/* Begin PBXCopyFilesBuildPhase section */
		9D633E2B1C63A0C8006F7564 /* CopyFiles */ = {
			isa = PBXCopyFilesBuildPhase;
			buildActionMask = 2147483647;
			dstPath = /usr/share/man/man1/;
			dstSubfolderSpec = 0;
			files = (
			);
			runOnlyForDeploymentPostprocessing = 1;
		};
/* End PBXCopyFilesBuildPhase section */

/* Begin PBXFileReference section */
		9D633E2D1C63A0C8006F7564 /* Assignment#1 */ = {isa = PBXFileReference; explicitFileType = "compiled.mach-o.executable"; includeInIndex = 0; path = "Assignment#1"; sourceTree = BUILT_PRODUCTS_DIR; };
		9D633E301C63A0C8006F7564 /* main.cpp */ = {isa = PBXFileReference; lastKnownFileType = sourcecode.cpp.cpp; path = main.cpp; sourceTree = "<group>"; };
		9D633E371C63A18D006F7564 /* masterAccountsData */ = {isa = PBXFileReference; fileEncoding = 4; lastKnownFileType = text; path = masterAccountsData; sourceTree = "<group>"; };
		9D633E4B1C646505006F7564 /* transcationRecord */ = {isa = PBXFileReference; fileEncoding = 4; lastKnownFileType = text; path = transcationRecord; sourceTree = "<group>"; };
		9D633E4F1C6551FC006F7564 /* Customer.hpp */ = {isa = PBXFileReference; fileEncoding = 4; lastKnownFileType = sourcecode.cpp.h; path = Customer.hpp; sourceTree = "<group>"; };
		9D633E521C65528C006F7564 /* Record.hpp */ = {isa = PBXFileReference; fileEncoding = 4; lastKnownFileType = sourcecode.cpp.h; path = Record.hpp; sourceTree = "<group>"; };
		9DA218AA1C6B924B0045CABA /* Previous Code */ = {isa = PBXFileReference; fileEncoding = 4; lastKnownFileType = text; path = "Previous Code"; sourceTree = "<group>"; };
/* End PBXFileReference section */

/* Begin PBXFrameworksBuildPhase section */
		9D633E2A1C63A0C8006F7564 /* Frameworks */ = {
			isa = PBXFrameworksBuildPhase;
			buildActionMask = 2147483647;
			files = (
			);
			runOnlyForDeploymentPostprocessing = 0;
		};
/* End PBXFrameworksBuildPhase section */

/* Begin PBXGroup section */
		9D633E241C63A0C8006F7564 = {
			isa = PBXGroup;
			children = (
				9D633E2F1C63A0C8006F7564 /* Assignment#1 */,
				9D633E2E1C63A0C8006F7564 /* Products */,
			);
			sourceTree = "<group>";
		};
		9D633E2E1C63A0C8006F7564 /* Products */ = {
			isa = PBXGroup;
			children = (
				9D633E2D1C63A0C8006F7564 /* Assignment#1 */,
			);
			name = Products;
			sourceTree = "<group>";
		};
		9D633E2F1C63A0C8006F7564 /* Assignment#1 */ = {
			isa = PBXGroup;
			children = (
				9D633E301C63A0C8006F7564 /* main.cpp */,
				9D633E371C63A18D006F7564 /* masterAccountsData */,
				9D633E4B1C646505006F7564 /* transcationRecord */,
				9D633E4F1C6551FC006F7564 /* Customer.hpp */,
				9D633E521C65528C006F7564 /* Record.hpp */,
				9DA218AA1C6B924B0045CABA /* Previous Code */,
			);
			path = "Assignment#1";
			sourceTree = "<group>";
		};
/* End PBXGroup section */

/* Begin PBXNativeTarget section */
		9D633E2C1C63A0C8006F7564 /* Assignment#1 */ = {
			isa = PBXNativeTarget;
			buildConfigurationList = 9D633E341C63A0C8006F7564 /* Build configuration list for PBXNativeTarget "Assignment#1" */;
			buildPhases = (
				9D633E291C63A0C8006F7564 /* Sources */,
				9D633E2A1C63A0C8006F7564 /* Frameworks */,
				9D633E2B1C63A0C8006F7564 /* CopyFiles */,
			);
			buildRules = (
			);
			dependencies = (
			);
			name = "Assignment#1";
			productName = "Assignment#1";
			productReference = 9D633E2D1C63A0C8006F7564 /* Assignment#1 */;
			productType = "com.apple.product-type.tool";
		};
/* End PBXNativeTarget section */

/* Begin PBXProject section */
		9D633E251C63A0C8006F7564 /* Project object */ = {
			isa = PBXProject;
			attributes = {
				LastUpgradeCheck = 0720;
				ORGANIZATIONNAME = "Farooq Khan";
				TargetAttributes = {
					9D633E2C1C63A0C8006F7564 = {
						CreatedOnToolsVersion = 7.2;
					};
				};
			};
			buildConfigurationList = 9D633E281C63A0C8006F7564 /* Build configuration list for PBXProject "Assignment#1" */;
			compatibilityVersion = "Xcode 3.2";
			developmentRegion = English;
			hasScannedForEncodings = 0;
			knownRegions = (
				en,
			);
			mainGroup = 9D633E241C63A0C8006F7564;
			productRefGroup = 9D633E2E1C63A0C8006F7564 /* Products */;
			projectDirPath = "";
			projectRoot = "";
			targets = (
				9D633E2C1C63A0C8006F7564 /* Assignment#1 */,
			);
		};
/* End PBXProject section */

/* Begin PBXSourcesBuildPhase section */
		9D633E291C63A0C8006F7564 /* Sources */ = {
			isa = PBXSourcesBuildPhase;
			buildActionMask = 2147483647;
			files = (
				9D633E311C63A0C8006F7564 /* main.cpp in Sources */,
			);
			runOnlyForDeploymentPostprocessing = 0;
		};
/* End PBXSourcesBuildPhase section */

/* Begin XCBuildConfiguration section */
		9D633E321C63A0C8006F7564 /* Debug */ = {
			isa = XCBuildConfiguration;
			buildSettings = {
				ALWAYS_SEARCH_USER_PATHS = NO;
				CLANG_CXX_LANGUAGE_STANDARD = "gnu++0x";
				CLANG_CXX_LIBRARY = "libc++";
				CLANG_ENABLE_MODULES = YES;
				CLANG_ENABLE_OBJC_ARC = YES;
				CLANG_WARN_BOOL_CONVERSION = YES;
				CLANG_WARN_CONSTANT_CONVERSION = YES;
				CLANG_WARN_DIRECT_OBJC_ISA_USAGE = YES_ERROR;
				CLANG_WARN_EMPTY_BODY = YES;
				CLANG_WARN_ENUM_CONVERSION = YES;
				CLANG_WARN_INT_CONVERSION = YES;
				CLANG_WARN_OBJC_ROOT_CLASS = YES_ERROR;
				CLANG_WARN_UNREACHABLE_CODE = YES;
				CLANG_WARN__DUPLICATE_METHOD_MATCH = YES;
				CODE_SIGN_IDENTITY = "-";
				COPY_PHASE_STRIP = NO;
				DEBUG_INFORMATION_FORMAT = dwarf;
				ENABLE_STRICT_OBJC_MSGSEND = YES;
				ENABLE_TESTABILITY = YES;
				GCC_C_LANGUAGE_STANDARD = gnu99;
				GCC_DYNAMIC_NO_PIC = NO;
				GCC_NO_COMMON_BLOCKS = YES;
				GCC_OPTIMIZATION_LEVEL = 0;
				GCC_PREPROCESSOR_DEFINITIONS = (
					"DEBUG=1",
					"$(inherited)",
				);
				GCC_WARN_64_TO_32_BIT_CONVERSION = YES;
				GCC_WARN_ABOUT_RETURN_TYPE = YES_ERROR;
				GCC_WARN_UNDECLARED_SELECTOR = YES;
				GCC_WARN_UNINITIALIZED_AUTOS = YES_AGGRESSIVE;
				GCC_WARN_UNUSED_FUNCTION = YES;
				GCC_WARN_UNUSED_VARIABLE = YES;
				MACOSX_DEPLOYMENT_TARGET = 10.11;
				MTL_ENABLE_DEBUG_INFO = YES;
				ONLY_ACTIVE_ARCH = YES;
				SDKROOT = macosx;
			};
			name = Debug;
		};
		9D633E331C63A0C8006F7564 /* Release */ = {
			isa = XCBuildConfiguration;
			buildSettings = {
				ALWAYS_SEARCH_USER_PATHS = NO;
				CLANG_CXX_LANGUAGE_STANDARD = "gnu++0x";
				CLANG_CXX_LIBRARY = "libc++";
				CLANG_ENABLE_MODULES = YES;
				CLANG_ENABLE_OBJC_ARC = YES;
				CLANG_WARN_BOOL_CONVERSION = YES;
				CLANG_WARN_CONSTANT_CONVERSION = YES;
				CLANG_WARN_DIRECT_OBJC_ISA_USAGE = YES_ERROR;
				CLANG_WARN_EMPTY_BODY = YES;
				CLANG_WARN_ENUM_CONVERSION = YES;
				CLANG_WARN_INT_CONVERSION = YES;
				CLANG_WARN_OBJC_ROOT_CLASS = YES_ERROR;
				CLANG_WARN_UNREACHABLE_CODE = YES;
				CLANG_WARN__DUPLICATE_METHOD_MATCH = YES;
				CODE_SIGN_IDENTITY = "-";
				COPY_PHASE_STRIP = NO;
				DEBUG_INFORMATION_FORMAT = "dwarf-with-dsym";
				ENABLE_NS_ASSERTIONS = NO;
				ENABLE_STRICT_OBJC_MSGSEND = YES;
				GCC_C_LANGUAGE_STANDARD = gnu99;
				GCC_NO_COMMON_BLOCKS = YES;
				GCC_WARN_64_TO_32_BIT_CONVERSION = YES;
				GCC_WARN_ABOUT_RETURN_TYPE = YES_ERROR;
				GCC_WARN_UNDECLARED_SELECTOR = YES;
				GCC_WARN_UNINITIALIZED_AUTOS = YES_AGGRESSIVE;
				GCC_WARN_UNUSED_FUNCTION = YES;
				GCC_WARN_UNUSED_VARIABLE = YES;
				MACOSX_DEPLOYMENT_TARGET = 10.11;
				MTL_ENABLE_DEBUG_INFO = NO;
				SDKROOT = macosx;
			};
			name = Release;
		};
		9D633E351C63A0C8006F7564 /* Debug */ = {
			isa = XCBuildConfiguration;
			buildSettings = {
				PRODUCT_NAME = "$(TARGET_NAME)";
			};
			name = Debug;
		};
		9D633E361C63A0C8006F7564 /* Release */ = {
			isa = XCBuildConfiguration;
			buildSettings = {
				PRODUCT_NAME = "$(TARGET_NAME)";
			};
			name = Release;
		};
/* End XCBuildConfiguration section */

/* Begin XCConfigurationList section */
		9D633E281C63A0C8006F7564 /* Build configuration list for PBXProject "Assignment#1" */ = {
			isa = XCConfigurationList;
			buildConfigurations = (
				9D633E321C63A0C8006F7564 /* Debug */,
				9D633E331C63A0C8006F7564 /* Release */,
			);
			defaultConfigurationIsVisible = 0;
			defaultConfigurationName = Release;
		};
		9D633E341C63A0C8006F7564 /* Build configuration list for PBXNativeTarget "Assignment#1" */ = {
			isa = XCConfigurationList;
			buildConfigurations = (
				9D633E351C63A0C8006F7564 /* Debug */,
				9D633E361C63A0C8006F7564 /* Release */,
			);
			defaultConfigurationIsVisible = 0;
			defaultConfigurationName = Release;
		};
/* End XCConfigurationList section */
	};
	rootObject = 9D633E251C63A0C8006F7564 /* Project object */;
}
